// !$*UTF8*$!
{
	archiveVersion = 1;
	classes = {
	};
	objectVersion = 55;
	objects = {

/* Begin PBXBuildFile section */
		DDC2EC7C2726882400A66F55 /* AppDelegate.swift in Sources */ = {isa = PBXBuildFile; fileRef = DDC2EC7B2726882400A66F55 /* AppDelegate.swift */; };
		DDC2EC7E2726882400A66F55 /* SceneDelegate.swift in Sources */ = {isa = PBXBuildFile; fileRef = DDC2EC7D2726882400A66F55 /* SceneDelegate.swift */; };
		DDC2EC832726882400A66F55 /* Main.storyboard in Resources */ = {isa = PBXBuildFile; fileRef = DDC2EC812726882400A66F55 /* Main.storyboard */; };
		DDC2EC852726882500A66F55 /* Assets.xcassets in Resources */ = {isa = PBXBuildFile; fileRef = DDC2EC842726882500A66F55 /* Assets.xcassets */; };
		DDC2EC882726882500A66F55 /* LaunchScreen.storyboard in Resources */ = {isa = PBXBuildFile; fileRef = DDC2EC862726882500A66F55 /* LaunchScreen.storyboard */; };
		DDC2EC902727153500A66F55 /* SearchVC.swift in Sources */ = {isa = PBXBuildFile; fileRef = DDC2EC8F2727153500A66F55 /* SearchVC.swift */; };
		DDC2EC922727156900A66F55 /* FavoriteListVC.swift in Sources */ = {isa = PBXBuildFile; fileRef = DDC2EC912727156900A66F55 /* FavoriteListVC.swift */; };
		DDC2EC9427271AE000A66F55 /* GHButton.swift in Sources */ = {isa = PBXBuildFile; fileRef = DDC2EC9327271AE000A66F55 /* GHButton.swift */; };
		DDC2EC9627271DD100A66F55 /* GHTextField.swift in Sources */ = {isa = PBXBuildFile; fileRef = DDC2EC9527271DD100A66F55 /* GHTextField.swift */; };
		DDDA5CEC2729F53F003CE2B3 /* FollowersListVC.swift in Sources */ = {isa = PBXBuildFile; fileRef = DDDA5CEB2729F53F003CE2B3 /* FollowersListVC.swift */; };
/* End PBXBuildFile section */

/* Begin PBXFileReference section */
		DDC2EC782726882400A66F55 /* GitHub.app */ = {isa = PBXFileReference; explicitFileType = wrapper.application; includeInIndex = 0; path = GitHub.app; sourceTree = BUILT_PRODUCTS_DIR; };
		DDC2EC7B2726882400A66F55 /* AppDelegate.swift */ = {isa = PBXFileReference; lastKnownFileType = sourcecode.swift; path = AppDelegate.swift; sourceTree = "<group>"; };
		DDC2EC7D2726882400A66F55 /* SceneDelegate.swift */ = {isa = PBXFileReference; lastKnownFileType = sourcecode.swift; path = SceneDelegate.swift; sourceTree = "<group>"; };
		DDC2EC822726882400A66F55 /* Base */ = {isa = PBXFileReference; lastKnownFileType = file.storyboard; name = Base; path = Base.lproj/Main.storyboard; sourceTree = "<group>"; };
		DDC2EC842726882500A66F55 /* Assets.xcassets */ = {isa = PBXFileReference; lastKnownFileType = folder.assetcatalog; path = Assets.xcassets; sourceTree = "<group>"; };
		DDC2EC872726882500A66F55 /* Base */ = {isa = PBXFileReference; lastKnownFileType = file.storyboard; name = Base; path = Base.lproj/LaunchScreen.storyboard; sourceTree = "<group>"; };
		DDC2EC892726882500A66F55 /* Info.plist */ = {isa = PBXFileReference; lastKnownFileType = text.plist.xml; path = Info.plist; sourceTree = "<group>"; };
		DDC2EC8F2727153500A66F55 /* SearchVC.swift */ = {isa = PBXFileReference; lastKnownFileType = sourcecode.swift; path = SearchVC.swift; sourceTree = "<group>"; };
		DDC2EC912727156900A66F55 /* FavoriteListVC.swift */ = {isa = PBXFileReference; lastKnownFileType = sourcecode.swift; path = FavoriteListVC.swift; sourceTree = "<group>"; };
		DDC2EC9327271AE000A66F55 /* GHButton.swift */ = {isa = PBXFileReference; lastKnownFileType = sourcecode.swift; path = GHButton.swift; sourceTree = "<group>"; };
		DDC2EC9527271DD100A66F55 /* GHTextField.swift */ = {isa = PBXFileReference; lastKnownFileType = sourcecode.swift; path = GHTextField.swift; sourceTree = "<group>"; };
		DDDA5CEB2729F53F003CE2B3 /* FollowersListVC.swift */ = {isa = PBXFileReference; lastKnownFileType = sourcecode.swift; path = FollowersListVC.swift; sourceTree = "<group>"; };
/* End PBXFileReference section */

/* Begin PBXFrameworksBuildPhase section */
		DDC2EC752726882400A66F55 /* Frameworks */ = {
			isa = PBXFrameworksBuildPhase;
			buildActionMask = 2147483647;
			files = (
			);
			runOnlyForDeploymentPostprocessing = 0;
		};
/* End PBXFrameworksBuildPhase section */

/* Begin PBXGroup section */
		DDC2EC6F2726882400A66F55 = {
			isa = PBXGroup;
			children = (
				DDC2EC7A2726882400A66F55 /* GitHub */,
				DDC2EC792726882400A66F55 /* Products */,
			);
			sourceTree = "<group>";
		};
		DDC2EC792726882400A66F55 /* Products */ = {
			isa = PBXGroup;
			children = (
				DDC2EC782726882400A66F55 /* GitHub.app */,
			);
			name = Products;
			sourceTree = "<group>";
		};
		DDC2EC7A2726882400A66F55 /* GitHub */ = {
			isa = PBXGroup;
			children = (
				DDC2EC7B2726882400A66F55 /* AppDelegate.swift */,
				DDC2EC7D2726882400A66F55 /* SceneDelegate.swift */,
				DDC2EC9527271DD100A66F55 /* GHTextField.swift */,
				DDC2EC8F2727153500A66F55 /* SearchVC.swift */,
				DDDA5CEB2729F53F003CE2B3 /* FollowersListVC.swift */,
				DDC2EC912727156900A66F55 /* FavoriteListVC.swift */,
				DDC2EC9327271AE000A66F55 /* GHButton.swift */,
				DDC2EC812726882400A66F55 /* Main.storyboard */,
				DDC2EC842726882500A66F55 /* Assets.xcassets */,
				DDC2EC862726882500A66F55 /* LaunchScreen.storyboard */,
				DDC2EC892726882500A66F55 /* Info.plist */,
			);
			path = GitHub;
			sourceTree = "<group>";
		};
/* End PBXGroup section */

/* Begin PBXNativeTarget section */
		DDC2EC772726882400A66F55 /* GitHub */ = {
			isa = PBXNativeTarget;
			buildConfigurationList = DDC2EC8C2726882500A66F55 /* Build configuration list for PBXNativeTarget "GitHub" */;
			buildPhases = (
				DDC2EC742726882400A66F55 /* Sources */,
				DDC2EC752726882400A66F55 /* Frameworks */,
				DDC2EC762726882400A66F55 /* Resources */,
			);
			buildRules = (
			);
			dependencies = (
			);
			name = GitHub;
			productName = GitHub;
			productReference = DDC2EC782726882400A66F55 /* GitHub.app */;
			productType = "com.apple.product-type.application";
		};
/* End PBXNativeTarget section */

/* Begin PBXProject section */
		DDC2EC702726882400A66F55 /* Project object */ = {
			isa = PBXProject;
			attributes = {
				BuildIndependentTargetsInParallel = 1;
				LastSwiftUpdateCheck = 1300;
				LastUpgradeCheck = 1300;
				TargetAttributes = {
					DDC2EC772726882400A66F55 = {
						CreatedOnToolsVersion = 13.0;
					};
				};
			};
			buildConfigurationList = DDC2EC732726882400A66F55 /* Build configuration list for PBXProject "GitHub" */;
			compatibilityVersion = "Xcode 13.0";
			developmentRegion = en;
			hasScannedForEncodings = 0;
			knownRegions = (
				en,
				Base,
			);
			mainGroup = DDC2EC6F2726882400A66F55;
			productRefGroup = DDC2EC792726882400A66F55 /* Products */;
			projectDirPath = "";
			projectRoot = "";
			targets = (
				DDC2EC772726882400A66F55 /* GitHub */,
			);
		};
/* End PBXProject section */

/* Begin PBXResourcesBuildPhase section */
		DDC2EC762726882400A66F55 /* Resources */ = {
			isa = PBXResourcesBuildPhase;
			buildActionMask = 2147483647;
			files = (
				DDC2EC882726882500A66F55 /* LaunchScreen.storyboard in Resources */,
				DDC2EC852726882500A66F55 /* Assets.xcassets in Resources */,
				DDC2EC832726882400A66F55 /* Main.storyboard in Resources */,
			);
			runOnlyForDeploymentPostprocessing = 0;
		};
/* End PBXResourcesBuildPhase section */

/* Begin PBXSourcesBuildPhase section */
		DDC2EC742726882400A66F55 /* Sources */ = {
			isa = PBXSourcesBuildPhase;
			buildActionMask = 2147483647;
			files = (
				DDC2EC922727156900A66F55 /* FavoriteListVC.swift in Sources */,
				DDDA5CEC2729F53F003CE2B3 /* FollowersListVC.swift in Sources */,
				DDC2EC9427271AE000A66F55 /* GHButton.swift in Sources */,
				DDC2EC9627271DD100A66F55 /* GHTextField.swift in Sources */,
				DDC2EC902727153500A66F55 /* SearchVC.swift in Sources */,
				DDC2EC7C2726882400A66F55 /* AppDelegate.swift in Sources */,
				DDC2EC7E2726882400A66F55 /* SceneDelegate.swift in Sources */,
			);
			runOnlyForDeploymentPostprocessing = 0;
		};
/* End PBXSourcesBuildPhase section */

/* Begin PBXVariantGroup section */
		DDC2EC812726882400A66F55 /* Main.storyboard */ = {
			isa = PBXVariantGroup;
			children = (
				DDC2EC822726882400A66F55 /* Base */,
			);
			name = Main.storyboard;
			sourceTree = "<group>";
		};
		DDC2EC862726882500A66F55 /* LaunchScreen.storyboard */ = {
			isa = PBXVariantGroup;
			children = (
				DDC2EC872726882500A66F55 /* Base */,
			);
			name = LaunchScreen.storyboard;
			sourceTree = "<group>";
		};
/* End PBXVariantGroup section */

/* Begin XCBuildConfiguration section */
		DDC2EC8A2726882500A66F55 /* Debug */ = {
			isa = XCBuildConfiguration;
			buildSettings = {
				ALWAYS_SEARCH_USER_PATHS = NO;
				CLANG_ANALYZER_NONNULL = YES;
				CLANG_ANALYZER_NUMBER_OBJECT_CONVERSION = YES_AGGRESSIVE;
				CLANG_CXX_LANGUAGE_STANDARD = "gnu++17";
				CLANG_CXX_LIBRARY = "libc++";
				CLANG_ENABLE_MODULES = YES;
				CLANG_ENABLE_OBJC_ARC = YES;
				CLANG_ENABLE_OBJC_WEAK = YES;
				CLANG_WARN_BLOCK_CAPTURE_AUTORELEASING = YES;
				CLANG_WARN_BOOL_CONVERSION = YES;
				CLANG_WARN_COMMA = YES;
				CLANG_WARN_CONSTANT_CONVERSION = YES;
				CLANG_WARN_DEPRECATED_OBJC_IMPLEMENTATIONS = YES;
				CLANG_WARN_DIRECT_OBJC_ISA_USAGE = YES_ERROR;
				CLANG_WARN_DOCUMENTATION_COMMENTS = YES;
				CLANG_WARN_EMPTY_BODY = YES;
				CLANG_WARN_ENUM_CONVERSION = YES;
				CLANG_WARN_INFINITE_RECURSION = YES;
				CLANG_WARN_INT_CONVERSION = YES;
				CLANG_WARN_NON_LITERAL_NULL_CONVERSION = YES;
				CLANG_WARN_OBJC_IMPLICIT_RETAIN_SELF = YES;
				CLANG_WARN_OBJC_LITERAL_CONVERSION = YES;
				CLANG_WARN_OBJC_ROOT_CLASS = YES_ERROR;
				CLANG_WARN_QUOTED_INCLUDE_IN_FRAMEWORK_HEADER = YES;
				CLANG_WARN_RANGE_LOOP_ANALYSIS = YES;
				CLANG_WARN_STRICT_PROTOTYPES = YES;
				CLANG_WARN_SUSPICIOUS_MOVE = YES;
				CLANG_WARN_UNGUARDED_AVAILABILITY = YES_AGGRESSIVE;
				CLANG_WARN_UNREACHABLE_CODE = YES;
				CLANG_WARN__DUPLICATE_METHOD_MATCH = YES;
				COPY_PHASE_STRIP = NO;
				DEBUG_INFORMATION_FORMAT = dwarf;
				ENABLE_STRICT_OBJC_MSGSEND = YES;
				ENABLE_TESTABILITY = YES;
				GCC_C_LANGUAGE_STANDARD = gnu11;
				GCC_DYNAMIC_NO_PIC = NO;
				GCC_NO_COMMON_BLOCKS = YES;
				GCC_OPTIMIZATION_LEVEL = 0;
				GCC_PREPROCESSOR_DEFINITIONS = (
					"DEBUG=1",
					"$(inherited)",
				);
				GCC_WARN_64_TO_32_BIT_CONVERSION = YES;
				GCC_WARN_ABOUT_RETURN_TYPE = YES_ERROR;
				GCC_WARN_UNDECLARED_SELECTOR = YES;
				GCC_WARN_UNINITIALIZED_AUTOS = YES_AGGRESSIVE;
				GCC_WARN_UNUSED_FUNCTION = YES;
				GCC_WARN_UNUSED_VARIABLE = YES;
				IPHONEOS_DEPLOYMENT_TARGET = 15.0;
				MTL_ENABLE_DEBUG_INFO = INCLUDE_SOURCE;
				MTL_FAST_MATH = YES;
				ONLY_ACTIVE_ARCH = YES;
				SDKROOT = iphoneos;
				SWIFT_ACTIVE_COMPILATION_CONDITIONS = DEBUG;
				SWIFT_OPTIMIZATION_LEVEL = "-Onone";
			};
			name = Debug;
		};
		DDC2EC8B2726882500A66F55 /* Release */ = {
			isa = XCBuildConfiguration;
			buildSettings = {
				ALWAYS_SEARCH_USER_PATHS = NO;
				CLANG_ANALYZER_NONNULL = YES;
				CLANG_ANALYZER_NUMBER_OBJECT_CONVERSION = YES_AGGRESSIVE;
				CLANG_CXX_LANGUAGE_STANDARD = "gnu++17";
				CLANG_CXX_LIBRARY = "libc++";
				CLANG_ENABLE_MODULES = YES;
				CLANG_ENABLE_OBJC_ARC = YES;
				CLANG_ENABLE_OBJC_WEAK = YES;
				CLANG_WARN_BLOCK_CAPTURE_AUTORELEASING = YES;
				CLANG_WARN_BOOL_CONVERSION = YES;
				CLANG_WARN_COMMA = YES;
				CLANG_WARN_CONSTANT_CONVERSION = YES;
				CLANG_WARN_DEPRECATED_OBJC_IMPLEMENTATIONS = YES;
				CLANG_WARN_DIRECT_OBJC_ISA_USAGE = YES_ERROR;
				CLANG_WARN_DOCUMENTATION_COMMENTS = YES;
				CLANG_WARN_EMPTY_BODY = YES;
				CLANG_WARN_ENUM_CONVERSION = YES;
				CLANG_WARN_INFINITE_RECURSION = YES;
				CLANG_WARN_INT_CONVERSION = YES;
				CLANG_WARN_NON_LITERAL_NULL_CONVERSION = YES;
				CLANG_WARN_OBJC_IMPLICIT_RETAIN_SELF = YES;
				CLANG_WARN_OBJC_LITERAL_CONVERSION = YES;
				CLANG_WARN_OBJC_ROOT_CLASS = YES_ERROR;
				CLANG_WARN_QUOTED_INCLUDE_IN_FRAMEWORK_HEADER = YES;
				CLANG_WARN_RANGE_LOOP_ANALYSIS = YES;
				CLANG_WARN_STRICT_PROTOTYPES = YES;
				CLANG_WARN_SUSPICIOUS_MOVE = YES;
				CLANG_WARN_UNGUARDED_AVAILABILITY = YES_AGGRESSIVE;
				CLANG_WARN_UNREACHABLE_CODE = YES;
				CLANG_WARN__DUPLICATE_METHOD_MATCH = YES;
				COPY_PHASE_STRIP = NO;
				DEBUG_INFORMATION_FORMAT = "dwarf-with-dsym";
				ENABLE_NS_ASSERTIONS = NO;
				ENABLE_STRICT_OBJC_MSGSEND = YES;
				GCC_C_LANGUAGE_STANDARD = gnu11;
				GCC_NO_COMMON_BLOCKS = YES;
				GCC_WARN_64_TO_32_BIT_CONVERSION = YES;
				GCC_WARN_ABOUT_RETURN_TYPE = YES_ERROR;
				GCC_WARN_UNDECLARED_SELECTOR = YES;
				GCC_WARN_UNINITIALIZED_AUTOS = YES_AGGRESSIVE;
				GCC_WARN_UNUSED_FUNCTION = YES;
				GCC_WARN_UNUSED_VARIABLE = YES;
				IPHONEOS_DEPLOYMENT_TARGET = 15.0;
				MTL_ENABLE_DEBUG_INFO = NO;
				MTL_FAST_MATH = YES;
				SDKROOT = iphoneos;
				SWIFT_COMPILATION_MODE = wholemodule;
				SWIFT_OPTIMIZATION_LEVEL = "-O";
				VALIDATE_PRODUCT = YES;
			};
			name = Release;
		};
		DDC2EC8D2726882500A66F55 /* Debug */ = {
			isa = XCBuildConfiguration;
			buildSettings = {
				ASSETCATALOG_COMPILER_APPICON_NAME = AppIcon;
				ASSETCATALOG_COMPILER_GLOBAL_ACCENT_COLOR_NAME = AccentColor;
				CODE_SIGN_STYLE = Automatic;
				CURRENT_PROJECT_VERSION = 1;
				DEVELOPMENT_TEAM = HG3WUJ8982;
				GENERATE_INFOPLIST_FILE = YES;
				INFOPLIST_FILE = GitHub/Info.plist;
				INFOPLIST_KEY_UIApplicationSupportsIndirectInputEvents = YES;
				INFOPLIST_KEY_UILaunchStoryboardName = LaunchScreen;
				INFOPLIST_KEY_UISupportedInterfaceOrientations_iPad = "UIInterfaceOrientationPortrait UIInterfaceOrientationPortraitUpsideDown UIInterfaceOrientationLandscapeLeft UIInterfaceOrientationLandscapeRight";
				INFOPLIST_KEY_UISupportedInterfaceOrientations_iPhone = "UIInterfaceOrientationPortrait UIInterfaceOrientationLandscapeLeft UIInterfaceOrientationLandscapeRight";
				LD_RUNPATH_SEARCH_PATHS = (
					"$(inherited)",
					"@executable_path/Frameworks",
				);
				MARKETING_VERSION = 1.0;
				PRODUCT_BUNDLE_IDENTIFIER = com.BrianVilchez.GitHub;
				PRODUCT_NAME = "$(TARGET_NAME)";
				SWIFT_EMIT_LOC_STRINGS = YES;
				SWIFT_VERSION = 5.0;
				TARGETED_DEVICE_FAMILY = "1,2";
			};
			name = Debug;
		};
		DDC2EC8E2726882500A66F55 /* Release */ = {
			isa = XCBuildConfiguration;
			buildSettings = {
				ASSETCATALOG_COMPILER_APPICON_NAME = AppIcon;
				ASSETCATALOG_COMPILER_GLOBAL_ACCENT_COLOR_NAME = AccentColor;
				CODE_SIGN_STYLE = Automatic;
				CURRENT_PROJECT_VERSION = 1;
				DEVELOPMENT_TEAM = HG3WUJ8982;
				GENERATE_INFOPLIST_FILE = YES;
				INFOPLIST_FILE = GitHub/Info.plist;
				INFOPLIST_KEY_UIApplicationSupportsIndirectInputEvents = YES;
				INFOPLIST_KEY_UILaunchStoryboardName = LaunchScreen;
				INFOPLIST_KEY_UISupportedInterfaceOrientations_iPad = "UIInterfaceOrientationPortrait UIInterfaceOrientationPortraitUpsideDown UIInterfaceOrientationLandscapeLeft UIInterfaceOrientationLandscapeRight";
				INFOPLIST_KEY_UISupportedInterfaceOrientations_iPhone = "UIInterfaceOrientationPortrait UIInterfaceOrientationLandscapeLeft UIInterfaceOrientationLandscapeRight";
				LD_RUNPATH_SEARCH_PATHS = (
					"$(inherited)",
					"@executable_path/Frameworks",
				);
				MARKETING_VERSION = 1.0;
				PRODUCT_BUNDLE_IDENTIFIER = com.BrianVilchez.GitHub;
				PRODUCT_NAME = "$(TARGET_NAME)";
				SWIFT_EMIT_LOC_STRINGS = YES;
				SWIFT_VERSION = 5.0;
				TARGETED_DEVICE_FAMILY = "1,2";
			};
			name = Release;
		};
/* End XCBuildConfiguration section */

/* Begin XCConfigurationList section */
		DDC2EC732726882400A66F55 /* Build configuration list for PBXProject "GitHub" */ = {
			isa = XCConfigurationList;
			buildConfigurations = (
				DDC2EC8A2726882500A66F55 /* Debug */,
				DDC2EC8B2726882500A66F55 /* Release */,
			);
			defaultConfigurationIsVisible = 0;
			defaultConfigurationName = Release;
		};
		DDC2EC8C2726882500A66F55 /* Build configuration list for PBXNativeTarget "GitHub" */ = {
			isa = XCConfigurationList;
			buildConfigurations = (
				DDC2EC8D2726882500A66F55 /* Debug */,
				DDC2EC8E2726882500A66F55 /* Release */,
			);
			defaultConfigurationIsVisible = 0;
			defaultConfigurationName = Release;
		};
/* End XCConfigurationList section */
	};
	rootObject = DDC2EC702726882400A66F55 /* Project object */;
}
